
Microsoft Visual Studio Solution File, Format Version 12.00
# Visual Studio Version 16
VisualStudioVersion = 16.0.33801.447
MinimumVisualStudioVersion = 10.0.40219.1
Project("{FAE04EC0-301F-11D3-BF4B-00C04F79EFBC}") = "bold_reports_webforms_report_writer", "bold_reports_webforms_report_writer.csproj", "{C6B81D79-CD62-43D7-8277-A4C42C413941}"
EndProject
Global
	GlobalSection(SolutionConfigurationPlatforms) = preSolution
		Debug|Any CPU = Debug|Any CPU
		Release|Any CPU = Release|Any CPU
	EndGlobalSection
	GlobalSection(ProjectConfigurationPlatforms) = postSolution
		{C6B81D79-CD62-43D7-8277-A4C42C413941}.Debug|Any CPU.ActiveCfg = Debug|Any CPU
		{C6B81D79-CD62-43D7-8277-A4C42C413941}.Debug|Any CPU.Build.0 = Debug|Any CPU
		{C6B81D79-CD62-43D7-8277-A4C42C413941}.Release|Any CPU.ActiveCfg = Release|Any CPU
		{C6B81D79-CD62-43D7-8277-A4C42C413941}.Release|Any CPU.Build.0 = Release|Any CPU
	EndGlobalSection
	GlobalSection(SolutionProperties) = preSolution
		HideSolutionNode = FALSE
	EndGlobalSection
	GlobalSection(ExtensibilityGlobals) = postSolution
		SolutionGuid = {E1A7472E-2536-4DB5-822B-C4FF29B40980}
	EndGlobalSection
EndGlobal
