
Microsoft Visual Studio Solution File, Format Version 12.00
# Visual Studio Version 16
VisualStudioVersion = 16.0.33801.447
MinimumVisualStudioVersion = 10.0.40219.1
Project("{FAE04EC0-301F-11D3-BF4B-00C04F79EFBC}") = "bold_reports_webforms_report_designer", "bold_reports_webforms_report_designer.csproj", "{2B2CBC71-C971-4E1E-956C-3EA5C5AAFF4E}"
EndProject
Global
	GlobalSection(SolutionConfigurationPlatforms) = preSolution
		Debug|Any CPU = Debug|Any CPU
		Release|Any CPU = Release|Any CPU
	EndGlobalSection
	GlobalSection(ProjectConfigurationPlatforms) = postSolution
		{2B2CBC71-C971-4E1E-956C-3EA5C5AAFF4E}.Debug|Any CPU.ActiveCfg = Debug|Any CPU
		{2B2CBC71-C971-4E1E-956C-3EA5C5AAFF4E}.Debug|Any CPU.Build.0 = Debug|Any CPU
		{2B2CBC71-C971-4E1E-956C-3EA5C5AAFF4E}.Release|Any CPU.ActiveCfg = Release|Any CPU
		{2B2CBC71-C971-4E1E-956C-3EA5C5AAFF4E}.Release|Any CPU.Build.0 = Release|Any CPU
	EndGlobalSection
	GlobalSection(SolutionProperties) = preSolution
		HideSolutionNode = FALSE
	EndGlobalSection
	GlobalSection(ExtensibilityGlobals) = postSolution
		SolutionGuid = {6FAE7776-EB95-4237-AF56-63B3E10401EF}
	EndGlobalSection
EndGlobal
